
Microsoft Visual Studio Solution File, Format Version 12.00
# Visual Studio Version 17
VisualStudioVersion = 17.4.33110.190
MinimumVisualStudioVersion = 10.0.40219.1
Project("{8BC9CEB8-8B4A-11D0-8D11-00A0C91BC942}") = "实验课题", "实验课题\实验课题.vcxproj", "{0BC0180F-50F8-4730-8F21-47BDA2A845AE}"
EndProject
Global
	GlobalSection(SolutionConfigurationPlatforms) = preSolution
		Debug|x64 = Debug|x64
		Debug|x86 = Debug|x86
		Release|x64 = Release|x64
		Release|x86 = Release|x86
	EndGlobalSection
	GlobalSection(ProjectConfigurationPlatforms) = postSolution
		{0BC0180F-50F8-4730-8F21-47BDA2A845AE}.Debug|x64.ActiveCfg = Debug|x64
		{0BC0180F-50F8-4730-8F21-47BDA2A845AE}.Debug|x64.Build.0 = Debug|x64
		{0BC0180F-50F8-4730-8F21-47BDA2A845AE}.Debug|x86.ActiveCfg = Debug|Win32
		{0BC0180F-50F8-4730-8F21-47BDA2A845AE}.Debug|x86.Build.0 = Debug|Win32
		{0BC0180F-50F8-4730-8F21-47BDA2A845AE}.Release|x64.ActiveCfg = Release|x64
		{0BC0180F-50F8-4730-8F21-47BDA2A845AE}.Release|x64.Build.0 = Release|x64
		{0BC0180F-50F8-4730-8F21-47BDA2A845AE}.Release|x86.ActiveCfg = Release|Win32
		{0BC0180F-50F8-4730-8F21-47BDA2A845AE}.Release|x86.Build.0 = Release|Win32
	EndGlobalSection
	GlobalSection(SolutionProperties) = preSolution
		HideSolutionNode = FALSE
	EndGlobalSection
	GlobalSection(ExtensibilityGlobals) = postSolution
		SolutionGuid = {7084711F-28A6-48FB-99D4-B285C7C16742}
	EndGlobalSection
EndGlobal
